
Microsoft Visual Studio Solution File, Format Version 12.00
# Visual Studio Version 16
VisualStudioVersion = 16.0.30621.155
MinimumVisualStudioVersion = 10.0.40219.1
Project("{FAE04EC0-301F-11D3-BF4B-00C04F79EFBC}") = "FactuxD", "FactuxD\FactuxD.csproj", "{10A5C809-5B11-4384-BEF5-86FAB66093A8}"
EndProject
Project("{FAE04EC0-301F-11D3-BF4B-00C04F79EFBC}") = "Libreria", "Libreria\Libreria.csproj", "{AAD80473-DE6C-409D-BC59-E39E52391877}"
EndProject
Global
	GlobalSection(SolutionConfigurationPlatforms) = preSolution
		Debug|Any CPU = Debug|Any CPU
		Release|Any CPU = Release|Any CPU
	EndGlobalSection
	GlobalSection(ProjectConfigurationPlatforms) = postSolution
		{10A5C809-5B11-4384-BEF5-86FAB66093A8}.Debug|Any CPU.ActiveCfg = Debug|Any CPU
		{10A5C809-5B11-4384-BEF5-86FAB66093A8}.Debug|Any CPU.Build.0 = Debug|Any CPU
		{10A5C809-5B11-4384-BEF5-86FAB66093A8}.Release|Any CPU.ActiveCfg = Release|Any CPU
		{10A5C809-5B11-4384-BEF5-86FAB66093A8}.Release|Any CPU.Build.0 = Release|Any CPU
		{AAD80473-DE6C-409D-BC59-E39E52391877}.Debug|Any CPU.ActiveCfg = Debug|Any CPU
		{AAD80473-DE6C-409D-BC59-E39E52391877}.Debug|Any CPU.Build.0 = Debug|Any CPU
		{AAD80473-DE6C-409D-BC59-E39E52391877}.Release|Any CPU.ActiveCfg = Release|Any CPU
		{AAD80473-DE6C-409D-BC59-E39E52391877}.Release|Any CPU.Build.0 = Release|Any CPU
	EndGlobalSection
	GlobalSection(SolutionProperties) = preSolution
		HideSolutionNode = FALSE
	EndGlobalSection
	GlobalSection(ExtensibilityGlobals) = postSolution
		SolutionGuid = {5A09C4C1-7B43-4B33-950A-1F27A249E4F5}
	EndGlobalSection
EndGlobal
